
Microsoft Visual Studio Solution File, Format Version 12.00
# Visual Studio Version 17
VisualStudioVersion = 17.5.33424.131
MinimumVisualStudioVersion = 10.0.40219.1
Project("{9A19103F-16F7-4668-BE54-9A1E7A4F7556}") = "ImageComparisonGUI", "ImageComparisonGUI\ImageComparisonGUI.csproj", "{2EB9DEEC-D4A0-47B0-B491-E2AEE3C20303}"
EndProject
Project("{9A19103F-16F7-4668-BE54-9A1E7A4F7556}") = "ImageComparison", "ImageComparison\ImageComparison.csproj", "{A79455D8-BD6D-419A-AB94-73C4BD060B93}"
EndProject
Global
	GlobalSection(SolutionConfigurationPlatforms) = preSolution
		Debug|Any CPU = Debug|Any CPU
		Debug|x64 = Debug|x64
		Release|Any CPU = Release|Any CPU
		Release|x64 = Release|x64
	EndGlobalSection
	GlobalSection(ProjectConfigurationPlatforms) = postSolution
		{2EB9DEEC-D4A0-47B0-B491-E2AEE3C20303}.Debug|Any CPU.ActiveCfg = Debug|Any CPU
		{2EB9DEEC-D4A0-47B0-B491-E2AEE3C20303}.Debug|Any CPU.Build.0 = Debug|Any CPU
		{2EB9DEEC-D4A0-47B0-B491-E2AEE3C20303}.Debug|x64.ActiveCfg = Debug|Any CPU
		{2EB9DEEC-D4A0-47B0-B491-E2AEE3C20303}.Debug|x64.Build.0 = Debug|Any CPU
		{2EB9DEEC-D4A0-47B0-B491-E2AEE3C20303}.Release|Any CPU.ActiveCfg = Release|Any CPU
		{2EB9DEEC-D4A0-47B0-B491-E2AEE3C20303}.Release|Any CPU.Build.0 = Release|Any CPU
		{2EB9DEEC-D4A0-47B0-B491-E2AEE3C20303}.Release|x64.ActiveCfg = Release|Any CPU
		{2EB9DEEC-D4A0-47B0-B491-E2AEE3C20303}.Release|x64.Build.0 = Release|Any CPU
		{A79455D8-BD6D-419A-AB94-73C4BD060B93}.Debug|Any CPU.ActiveCfg = Debug|Any CPU
		{A79455D8-BD6D-419A-AB94-73C4BD060B93}.Debug|Any CPU.Build.0 = Debug|Any CPU
		{A79455D8-BD6D-419A-AB94-73C4BD060B93}.Debug|x64.ActiveCfg = Debug|x64
		{A79455D8-BD6D-419A-AB94-73C4BD060B93}.Debug|x64.Build.0 = Debug|x64
		{A79455D8-BD6D-419A-AB94-73C4BD060B93}.Release|Any CPU.ActiveCfg = Release|Any CPU
		{A79455D8-BD6D-419A-AB94-73C4BD060B93}.Release|Any CPU.Build.0 = Release|Any CPU
		{A79455D8-BD6D-419A-AB94-73C4BD060B93}.Release|x64.ActiveCfg = Release|x64
		{A79455D8-BD6D-419A-AB94-73C4BD060B93}.Release|x64.Build.0 = Release|x64
	EndGlobalSection
	GlobalSection(SolutionProperties) = preSolution
		HideSolutionNode = FALSE
	EndGlobalSection
	GlobalSection(ExtensibilityGlobals) = postSolution
		SolutionGuid = {D5D12733-192D-4503-B06C-9DC05333AE02}
	EndGlobalSection
EndGlobal
